// !$*UTF8*$!
{
	archiveVersion = 1;
	classes = {
	};
	objectVersion = 51;
	objects = {

/* Begin PBXBuildFile section */
		02590846DBFB619DDE5A3CE5 /* Pods_iTunesTestTask.framework in Frameworks */ = {isa = PBXBuildFile; fileRef = CB5004FE480955ECE27728B3 /* Pods_iTunesTestTask.framework */; };
		D115A09924BCF7A200266FCC /* R.generated.swift in Sources */ = {isa = PBXBuildFile; fileRef = D115A09824BCF7A200266FCC /* R.generated.swift */; };
		D115A0B324BCFA1F00266FCC /* ITunesStoreResponse.swift in Sources */ = {isa = PBXBuildFile; fileRef = D115A0B124BCFA1F00266FCC /* ITunesStoreResponse.swift */; };
		D115A0B424BCFA1F00266FCC /* MediaType.swift in Sources */ = {isa = PBXBuildFile; fileRef = D115A0B224BCFA1F00266FCC /* MediaType.swift */; };
		D115A0B924BCFA8800266FCC /* Localizable.strings in Resources */ = {isa = PBXBuildFile; fileRef = D115A0BB24BCFA8800266FCC /* Localizable.strings */; };
		D115A0C824BCFAED00266FCC /* NetworkManager.swift in Sources */ = {isa = PBXBuildFile; fileRef = D115A0BE24BCFAED00266FCC /* NetworkManager.swift */; };
		D115A0C924BCFAED00266FCC /* HTTPMethod.swift in Sources */ = {isa = PBXBuildFile; fileRef = D115A0BF24BCFAED00266FCC /* HTTPMethod.swift */; };
		D115A0CA24BCFAED00266FCC /* EndPointType.swift in Sources */ = {isa = PBXBuildFile; fileRef = D115A0C024BCFAED00266FCC /* EndPointType.swift */; };
		D115A0CB24BCFAED00266FCC /* Router.swift in Sources */ = {isa = PBXBuildFile; fileRef = D115A0C124BCFAED00266FCC /* Router.swift */; };
		D115A0CC24BCFAED00266FCC /* HTTPTask.swift in Sources */ = {isa = PBXBuildFile; fileRef = D115A0C224BCFAED00266FCC /* HTTPTask.swift */; };
		D115A0CD24BCFAED00266FCC /* ParameterEncoding.swift in Sources */ = {isa = PBXBuildFile; fileRef = D115A0C424BCFAED00266FCC /* ParameterEncoding.swift */; };
		D115A0CE24BCFAED00266FCC /* JSONParameterEncoder.swift in Sources */ = {isa = PBXBuildFile; fileRef = D115A0C524BCFAED00266FCC /* JSONParameterEncoder.swift */; };
		D115A0CF24BCFAED00266FCC /* URLEncoding.swift in Sources */ = {isa = PBXBuildFile; fileRef = D115A0C624BCFAED00266FCC /* URLEncoding.swift */; };
		D115A0D024BCFAED00266FCC /* ITunesStoreApi.swift in Sources */ = {isa = PBXBuildFile; fileRef = D115A0C724BCFAED00266FCC /* ITunesStoreApi.swift */; };
		D115A0D924BCFB7E00266FCC /* MediaPresenter.swift in Sources */ = {isa = PBXBuildFile; fileRef = D115A0D224BCFB7E00266FCC /* MediaPresenter.swift */; };
		D115A0DA24BCFB7E00266FCC /* MediaRouter.swift in Sources */ = {isa = PBXBuildFile; fileRef = D115A0D324BCFB7E00266FCC /* MediaRouter.swift */; };
		D115A0DB24BCFB7E00266FCC /* MediaWorker.swift in Sources */ = {isa = PBXBuildFile; fileRef = D115A0D424BCFB7E00266FCC /* MediaWorker.swift */; };
		D115A0DC24BCFB7E00266FCC /* MediaInteractor.swift in Sources */ = {isa = PBXBuildFile; fileRef = D115A0D524BCFB7E00266FCC /* MediaInteractor.swift */; };
		D115A0DD24BCFB7E00266FCC /* MediaViewController.swift in Sources */ = {isa = PBXBuildFile; fileRef = D115A0D624BCFB7E00266FCC /* MediaViewController.swift */; };
		D115A0DE24BCFB7E00266FCC /* MediaViewController.xib in Resources */ = {isa = PBXBuildFile; fileRef = D115A0D724BCFB7E00266FCC /* MediaViewController.xib */; };
		D115A0DF24BCFB7E00266FCC /* MediaModels.swift in Sources */ = {isa = PBXBuildFile; fileRef = D115A0D824BCFB7E00266FCC /* MediaModels.swift */; };
		D13DF3E224BDCE67008D3F27 /* MediaTableViewCell.swift in Sources */ = {isa = PBXBuildFile; fileRef = D13DF3E024BDCE67008D3F27 /* MediaTableViewCell.swift */; };
		D13DF3E324BDCE67008D3F27 /* MediaTableViewCell.xib in Resources */ = {isa = PBXBuildFile; fileRef = D13DF3E124BDCE67008D3F27 /* MediaTableViewCell.xib */; };
		D165564B24BCF64D0093E1B4 /* AppDelegate.swift in Sources */ = {isa = PBXBuildFile; fileRef = D165564A24BCF64D0093E1B4 /* AppDelegate.swift */; };
		D165564D24BCF64D0093E1B4 /* SceneDelegate.swift in Sources */ = {isa = PBXBuildFile; fileRef = D165564C24BCF64D0093E1B4 /* SceneDelegate.swift */; };
		D165564F24BCF64D0093E1B4 /* ViewController.swift in Sources */ = {isa = PBXBuildFile; fileRef = D165564E24BCF64D0093E1B4 /* ViewController.swift */; };
		D165565224BCF64D0093E1B4 /* Main.storyboard in Resources */ = {isa = PBXBuildFile; fileRef = D165565024BCF64D0093E1B4 /* Main.storyboard */; };
		D165565424BCF6520093E1B4 /* Assets.xcassets in Resources */ = {isa = PBXBuildFile; fileRef = D165565324BCF6520093E1B4 /* Assets.xcassets */; };
		D165565724BCF6520093E1B4 /* LaunchScreen.storyboard in Resources */ = {isa = PBXBuildFile; fileRef = D165565524BCF6520093E1B4 /* LaunchScreen.storyboard */; };
		D18A5AD224BE14DB006CA715 /* AppViewController.swift in Sources */ = {isa = PBXBuildFile; fileRef = D18A5AD124BE14DB006CA715 /* AppViewController.swift */; };
		D1D9CA6624BDF93800417935 /* MediaObject.swift in Sources */ = {isa = PBXBuildFile; fileRef = D1D9CA6524BDF93800417935 /* MediaObject.swift */; };
		D1E6DF8F24BDF4CE008B031A /* FavoritePresenter.swift in Sources */ = {isa = PBXBuildFile; fileRef = D1E6DF8824BDF4CE008B031A /* FavoritePresenter.swift */; };
		D1E6DF9024BDF4CE008B031A /* FavoriteWorker.swift in Sources */ = {isa = PBXBuildFile; fileRef = D1E6DF8924BDF4CE008B031A /* FavoriteWorker.swift */; };
		D1E6DF9124BDF4CE008B031A /* FavoriteRouter.swift in Sources */ = {isa = PBXBuildFile; fileRef = D1E6DF8A24BDF4CE008B031A /* FavoriteRouter.swift */; };
		D1E6DF9224BDF4CE008B031A /* FavoriteModels.swift in Sources */ = {isa = PBXBuildFile; fileRef = D1E6DF8B24BDF4CE008B031A /* FavoriteModels.swift */; };
		D1E6DF9324BDF4CE008B031A /* FavoriteViewController.swift in Sources */ = {isa = PBXBuildFile; fileRef = D1E6DF8C24BDF4CE008B031A /* FavoriteViewController.swift */; };
		D1E6DF9424BDF4CE008B031A /* FavoriteInteractor.swift in Sources */ = {isa = PBXBuildFile; fileRef = D1E6DF8D24BDF4CE008B031A /* FavoriteInteractor.swift */; };
		D1E6DF9524BDF4CE008B031A /* FavoriteViewController.xib in Resources */ = {isa = PBXBuildFile; fileRef = D1E6DF8E24BDF4CE008B031A /* FavoriteViewController.xib */; };
		D1E6DF9E24BDF569008B031A /* StorageContext.swift in Sources */ = {isa = PBXBuildFile; fileRef = D1E6DF9724BDF569008B031A /* StorageContext.swift */; };
		D1E6DF9F24BDF569008B031A /* RealmITunesMedia.swift in Sources */ = {isa = PBXBuildFile; fileRef = D1E6DF9924BDF569008B031A /* RealmITunesMedia.swift */; };
		D1E6DFA124BDF569008B031A /* RealmStorageContext.swift in Sources */ = {isa = PBXBuildFile; fileRef = D1E6DF9C24BDF569008B031A /* RealmStorageContext.swift */; };
		D1E6DFA224BDF569008B031A /* RealmStorageContext+Operations.swift in Sources */ = {isa = PBXBuildFile; fileRef = D1E6DF9D24BDF569008B031A /* RealmStorageContext+Operations.swift */; };
/* End PBXBuildFile section */

/* Begin PBXFileReference section */
		1BA55AF6C20A5FB1CF750330 /* Pods-iTunesTestTask.debug.xcconfig */ = {isa = PBXFileReference; includeInIndex = 1; lastKnownFileType = text.xcconfig; name = "Pods-iTunesTestTask.debug.xcconfig"; path = "Target Support Files/Pods-iTunesTestTask/Pods-iTunesTestTask.debug.xcconfig"; sourceTree = "<group>"; };
		9ABBA4FB29CA3D69FAB6A46D /* Pods-iTunesTestTask.release.xcconfig */ = {isa = PBXFileReference; includeInIndex = 1; lastKnownFileType = text.xcconfig; name = "Pods-iTunesTestTask.release.xcconfig"; path = "Target Support Files/Pods-iTunesTestTask/Pods-iTunesTestTask.release.xcconfig"; sourceTree = "<group>"; };
		CB5004FE480955ECE27728B3 /* Pods_iTunesTestTask.framework */ = {isa = PBXFileReference; explicitFileType = wrapper.framework; includeInIndex = 0; path = Pods_iTunesTestTask.framework; sourceTree = BUILT_PRODUCTS_DIR; };
		D115A09824BCF7A200266FCC /* R.generated.swift */ = {isa = PBXFileReference; fileEncoding = 4; lastKnownFileType = sourcecode.swift; path = R.generated.swift; sourceTree = SOURCE_ROOT; };
		D115A0B124BCFA1F00266FCC /* ITunesStoreResponse.swift */ = {isa = PBXFileReference; fileEncoding = 4; lastKnownFileType = sourcecode.swift; path = ITunesStoreResponse.swift; sourceTree = "<group>"; };
		D115A0B224BCFA1F00266FCC /* MediaType.swift */ = {isa = PBXFileReference; fileEncoding = 4; lastKnownFileType = sourcecode.swift; path = MediaType.swift; sourceTree = "<group>"; };
		D115A0B524BCFA3B00266FCC /* ru */ = {isa = PBXFileReference; lastKnownFileType = text.plist.strings; name = ru; path = ru.lproj/Main.strings; sourceTree = "<group>"; };
		D115A0B624BCFA3B00266FCC /* ru */ = {isa = PBXFileReference; lastKnownFileType = text.plist.strings; name = ru; path = ru.lproj/LaunchScreen.strings; sourceTree = "<group>"; };
		D115A0BA24BCFA8800266FCC /* en */ = {isa = PBXFileReference; lastKnownFileType = text.plist.strings; name = en; path = en.lproj/Localizable.strings; sourceTree = "<group>"; };
		D115A0BC24BCFA8C00266FCC /* ru */ = {isa = PBXFileReference; lastKnownFileType = text.plist.strings; name = ru; path = ru.lproj/Localizable.strings; sourceTree = "<group>"; };
		D115A0BE24BCFAED00266FCC /* NetworkManager.swift */ = {isa = PBXFileReference; fileEncoding = 4; lastKnownFileType = sourcecode.swift; path = NetworkManager.swift; sourceTree = "<group>"; };
		D115A0BF24BCFAED00266FCC /* HTTPMethod.swift */ = {isa = PBXFileReference; fileEncoding = 4; lastKnownFileType = sourcecode.swift; path = HTTPMethod.swift; sourceTree = "<group>"; };
		D115A0C024BCFAED00266FCC /* EndPointType.swift */ = {isa = PBXFileReference; fileEncoding = 4; lastKnownFileType = sourcecode.swift; path = EndPointType.swift; sourceTree = "<group>"; };
		D115A0C124BCFAED00266FCC /* Router.swift */ = {isa = PBXFileReference; fileEncoding = 4; lastKnownFileType = sourcecode.swift; path = Router.swift; sourceTree = "<group>"; };
		D115A0C224BCFAED00266FCC /* HTTPTask.swift */ = {isa = PBXFileReference; fileEncoding = 4; lastKnownFileType = sourcecode.swift; path = HTTPTask.swift; sourceTree = "<group>"; };
		D115A0C424BCFAED00266FCC /* ParameterEncoding.swift */ = {isa = PBXFileReference; fileEncoding = 4; lastKnownFileType = sourcecode.swift; path = ParameterEncoding.swift; sourceTree = "<group>"; };
		D115A0C524BCFAED00266FCC /* JSONParameterEncoder.swift */ = {isa = PBXFileReference; fileEncoding = 4; lastKnownFileType = sourcecode.swift; path = JSONParameterEncoder.swift; sourceTree = "<group>"; };
		D115A0C624BCFAED00266FCC /* URLEncoding.swift */ = {isa = PBXFileReference; fileEncoding = 4; lastKnownFileType = sourcecode.swift; path = URLEncoding.swift; sourceTree = "<group>"; };
		D115A0C724BCFAED00266FCC /* ITunesStoreApi.swift */ = {isa = PBXFileReference; fileEncoding = 4; lastKnownFileType = sourcecode.swift; path = ITunesStoreApi.swift; sourceTree = "<group>"; };
		D115A0D224BCFB7E00266FCC /* MediaPresenter.swift */ = {isa = PBXFileReference; fileEncoding = 4; lastKnownFileType = sourcecode.swift; path = MediaPresenter.swift; sourceTree = "<group>"; };
		D115A0D324BCFB7E00266FCC /* MediaRouter.swift */ = {isa = PBXFileReference; fileEncoding = 4; lastKnownFileType = sourcecode.swift; path = MediaRouter.swift; sourceTree = "<group>"; };
		D115A0D424BCFB7E00266FCC /* MediaWorker.swift */ = {isa = PBXFileReference; fileEncoding = 4; lastKnownFileType = sourcecode.swift; path = MediaWorker.swift; sourceTree = "<group>"; };
		D115A0D524BCFB7E00266FCC /* MediaInteractor.swift */ = {isa = PBXFileReference; fileEncoding = 4; lastKnownFileType = sourcecode.swift; path = MediaInteractor.swift; sourceTree = "<group>"; };
		D115A0D624BCFB7E00266FCC /* MediaViewController.swift */ = {isa = PBXFileReference; fileEncoding = 4; lastKnownFileType = sourcecode.swift; path = MediaViewController.swift; sourceTree = "<group>"; };
		D115A0D724BCFB7E00266FCC /* MediaViewController.xib */ = {isa = PBXFileReference; fileEncoding = 4; lastKnownFileType = file.xib; path = MediaViewController.xib; sourceTree = "<group>"; };
		D115A0D824BCFB7E00266FCC /* MediaModels.swift */ = {isa = PBXFileReference; fileEncoding = 4; lastKnownFileType = sourcecode.swift; path = MediaModels.swift; sourceTree = "<group>"; };
		D13DF3E024BDCE67008D3F27 /* MediaTableViewCell.swift */ = {isa = PBXFileReference; lastKnownFileType = sourcecode.swift; path = MediaTableViewCell.swift; sourceTree = "<group>"; };
		D13DF3E124BDCE67008D3F27 /* MediaTableViewCell.xib */ = {isa = PBXFileReference; lastKnownFileType = file.xib; path = MediaTableViewCell.xib; sourceTree = "<group>"; };
		D165564724BCF64D0093E1B4 /* iTunesTestTask.app */ = {isa = PBXFileReference; explicitFileType = wrapper.application; includeInIndex = 0; path = iTunesTestTask.app; sourceTree = BUILT_PRODUCTS_DIR; };
		D165564A24BCF64D0093E1B4 /* AppDelegate.swift */ = {isa = PBXFileReference; lastKnownFileType = sourcecode.swift; path = AppDelegate.swift; sourceTree = "<group>"; };
		D165564C24BCF64D0093E1B4 /* SceneDelegate.swift */ = {isa = PBXFileReference; lastKnownFileType = sourcecode.swift; path = SceneDelegate.swift; sourceTree = "<group>"; };
		D165564E24BCF64D0093E1B4 /* ViewController.swift */ = {isa = PBXFileReference; lastKnownFileType = sourcecode.swift; path = ViewController.swift; sourceTree = "<group>"; };
		D165565124BCF64D0093E1B4 /* Base */ = {isa = PBXFileReference; lastKnownFileType = file.storyboard; name = Base; path = Base.lproj/Main.storyboard; sourceTree = "<group>"; };
		D165565324BCF6520093E1B4 /* Assets.xcassets */ = {isa = PBXFileReference; lastKnownFileType = folder.assetcatalog; path = Assets.xcassets; sourceTree = "<group>"; };
		D165565624BCF6520093E1B4 /* Base */ = {isa = PBXFileReference; lastKnownFileType = file.storyboard; name = Base; path = Base.lproj/LaunchScreen.storyboard; sourceTree = "<group>"; };
		D165565824BCF6520093E1B4 /* Info.plist */ = {isa = PBXFileReference; lastKnownFileType = text.plist.xml; path = Info.plist; sourceTree = "<group>"; };
		D18A5AD124BE14DB006CA715 /* AppViewController.swift */ = {isa = PBXFileReference; lastKnownFileType = sourcecode.swift; path = AppViewController.swift; sourceTree = "<group>"; };
		D1D9CA6524BDF93800417935 /* MediaObject.swift */ = {isa = PBXFileReference; lastKnownFileType = sourcecode.swift; path = MediaObject.swift; sourceTree = "<group>"; };
		D1E6DF8824BDF4CE008B031A /* FavoritePresenter.swift */ = {isa = PBXFileReference; lastKnownFileType = sourcecode.swift; path = FavoritePresenter.swift; sourceTree = "<group>"; };
		D1E6DF8924BDF4CE008B031A /* FavoriteWorker.swift */ = {isa = PBXFileReference; lastKnownFileType = sourcecode.swift; path = FavoriteWorker.swift; sourceTree = "<group>"; };
		D1E6DF8A24BDF4CE008B031A /* FavoriteRouter.swift */ = {isa = PBXFileReference; lastKnownFileType = sourcecode.swift; path = FavoriteRouter.swift; sourceTree = "<group>"; };
		D1E6DF8B24BDF4CE008B031A /* FavoriteModels.swift */ = {isa = PBXFileReference; lastKnownFileType = sourcecode.swift; path = FavoriteModels.swift; sourceTree = "<group>"; };
		D1E6DF8C24BDF4CE008B031A /* FavoriteViewController.swift */ = {isa = PBXFileReference; lastKnownFileType = sourcecode.swift; path = FavoriteViewController.swift; sourceTree = "<group>"; };
		D1E6DF8D24BDF4CE008B031A /* FavoriteInteractor.swift */ = {isa = PBXFileReference; lastKnownFileType = sourcecode.swift; path = FavoriteInteractor.swift; sourceTree = "<group>"; };
		D1E6DF8E24BDF4CE008B031A /* FavoriteViewController.xib */ = {isa = PBXFileReference; lastKnownFileType = file.xib; path = FavoriteViewController.xib; sourceTree = "<group>"; };
		D1E6DF9724BDF569008B031A /* StorageContext.swift */ = {isa = PBXFileReference; fileEncoding = 4; lastKnownFileType = sourcecode.swift; path = StorageContext.swift; sourceTree = "<group>"; };
		D1E6DF9924BDF569008B031A /* RealmITunesMedia.swift */ = {isa = PBXFileReference; fileEncoding = 4; lastKnownFileType = sourcecode.swift; path = RealmITunesMedia.swift; sourceTree = "<group>"; };
		D1E6DF9C24BDF569008B031A /* RealmStorageContext.swift */ = {isa = PBXFileReference; fileEncoding = 4; lastKnownFileType = sourcecode.swift; path = RealmStorageContext.swift; sourceTree = "<group>"; };
		D1E6DF9D24BDF569008B031A /* RealmStorageContext+Operations.swift */ = {isa = PBXFileReference; fileEncoding = 4; lastKnownFileType = sourcecode.swift; path = "RealmStorageContext+Operations.swift"; sourceTree = "<group>"; };
/* End PBXFileReference section */

/* Begin PBXFrameworksBuildPhase section */
		D165564424BCF64D0093E1B4 /* Frameworks */ = {
			isa = PBXFrameworksBuildPhase;
			buildActionMask = 2147483647;
			files = (
				02590846DBFB619DDE5A3CE5 /* Pods_iTunesTestTask.framework in Frameworks */,
			);
			runOnlyForDeploymentPostprocessing = 0;
		};
/* End PBXFrameworksBuildPhase section */

/* Begin PBXGroup section */
		18DFC8BE4F09F57868C38B23 /* Pods */ = {
			isa = PBXGroup;
			children = (
				1BA55AF6C20A5FB1CF750330 /* Pods-iTunesTestTask.debug.xcconfig */,
				9ABBA4FB29CA3D69FAB6A46D /* Pods-iTunesTestTask.release.xcconfig */,
			);
			path = Pods;
			sourceTree = "<group>";
		};
		D115A0B024BCFA1F00266FCC /* Model */ = {
			isa = PBXGroup;
			children = (
				D115A0B124BCFA1F00266FCC /* ITunesStoreResponse.swift */,
				D1D9CA6524BDF93800417935 /* MediaObject.swift */,
				D115A0B224BCFA1F00266FCC /* MediaType.swift */,
			);
			path = Model;
			sourceTree = "<group>";
		};
		D115A0BD24BCFADB00266FCC /* Networking */ = {
			isa = PBXGroup;
			children = (
				D115A0BE24BCFAED00266FCC /* NetworkManager.swift */,
				D115A0C124BCFAED00266FCC /* Router.swift */,
				D115A0C724BCFAED00266FCC /* ITunesStoreApi.swift */,
				D115A0C024BCFAED00266FCC /* EndPointType.swift */,
				D115A0BF24BCFAED00266FCC /* HTTPMethod.swift */,
				D115A0C224BCFAED00266FCC /* HTTPTask.swift */,
				D115A0C324BCFAED00266FCC /* Encoding */,
			);
			path = Networking;
			sourceTree = "<group>";
		};
		D115A0C324BCFAED00266FCC /* Encoding */ = {
			isa = PBXGroup;
			children = (
				D115A0C424BCFAED00266FCC /* ParameterEncoding.swift */,
				D115A0C524BCFAED00266FCC /* JSONParameterEncoder.swift */,
				D115A0C624BCFAED00266FCC /* URLEncoding.swift */,
			);
			path = Encoding;
			sourceTree = "<group>";
		};
		D115A0D124BCFB7E00266FCC /* Media */ = {
			isa = PBXGroup;
			children = (
				D13DF3DF24BDCE3B008D3F27 /* Custom View */,
				D115A0D624BCFB7E00266FCC /* MediaViewController.swift */,
				D115A0D524BCFB7E00266FCC /* MediaInteractor.swift */,
				D115A0D224BCFB7E00266FCC /* MediaPresenter.swift */,
				D115A0D824BCFB7E00266FCC /* MediaModels.swift */,
				D115A0D324BCFB7E00266FCC /* MediaRouter.swift */,
				D115A0D424BCFB7E00266FCC /* MediaWorker.swift */,
				D115A0D724BCFB7E00266FCC /* MediaViewController.xib */,
			);
			path = Media;
			sourceTree = "<group>";
		};
		D13DF3DF24BDCE3B008D3F27 /* Custom View */ = {
			isa = PBXGroup;
			children = (
				D13DF3E024BDCE67008D3F27 /* MediaTableViewCell.swift */,
				D13DF3E124BDCE67008D3F27 /* MediaTableViewCell.xib */,
			);
			path = "Custom View";
			sourceTree = "<group>";
		};
		D165563E24BCF64D0093E1B4 = {
			isa = PBXGroup;
			children = (
				D165564924BCF64D0093E1B4 /* iTunesTestTask */,
				D165564824BCF64D0093E1B4 /* Products */,
				18DFC8BE4F09F57868C38B23 /* Pods */,
				DCADA272EACE611AC077CF87 /* Frameworks */,
			);
			sourceTree = "<group>";
		};
		D165564824BCF64D0093E1B4 /* Products */ = {
			isa = PBXGroup;
			children = (
				D165564724BCF64D0093E1B4 /* iTunesTestTask.app */,
			);
			name = Products;
			sourceTree = "<group>";
		};
		D165564924BCF64D0093E1B4 /* iTunesTestTask */ = {
			isa = PBXGroup;
			children = (
				D115A09824BCF7A200266FCC /* R.generated.swift */,
				D18A5AD024BE14B6006CA715 /* Services */,
				D115A0B024BCFA1F00266FCC /* Model */,
				D115A0D124BCFB7E00266FCC /* Media */,
				D1E6DF8724BDF48E008B031A /* Favorite */,
				D165564A24BCF64D0093E1B4 /* AppDelegate.swift */,
				D165564C24BCF64D0093E1B4 /* SceneDelegate.swift */,
				D165564E24BCF64D0093E1B4 /* ViewController.swift */,
				D165565024BCF64D0093E1B4 /* Main.storyboard */,
				D165565324BCF6520093E1B4 /* Assets.xcassets */,
				D165565524BCF6520093E1B4 /* LaunchScreen.storyboard */,
				D165565824BCF6520093E1B4 /* Info.plist */,
				D115A0BB24BCFA8800266FCC /* Localizable.strings */,
			);
			path = iTunesTestTask;
			sourceTree = "<group>";
		};
		D18A5AD024BE14B6006CA715 /* Services */ = {
			isa = PBXGroup;
			children = (
				D115A0BD24BCFADB00266FCC /* Networking */,
				D1E6DF9624BDF569008B031A /* Data Base */,
				D18A5AD124BE14DB006CA715 /* AppViewController.swift */,
			);
			path = Services;
			sourceTree = "<group>";
		};
		D1E6DF8724BDF48E008B031A /* Favorite */ = {
			isa = PBXGroup;
			children = (
				D1E6DF8C24BDF4CE008B031A /* FavoriteViewController.swift */,
				D1E6DF8D24BDF4CE008B031A /* FavoriteInteractor.swift */,
				D1E6DF8824BDF4CE008B031A /* FavoritePresenter.swift */,
				D1E6DF8B24BDF4CE008B031A /* FavoriteModels.swift */,
				D1E6DF8A24BDF4CE008B031A /* FavoriteRouter.swift */,
				D1E6DF8924BDF4CE008B031A /* FavoriteWorker.swift */,
				D1E6DF8E24BDF4CE008B031A /* FavoriteViewController.xib */,
			);
			path = Favorite;
			sourceTree = "<group>";
		};
		D1E6DF9624BDF569008B031A /* Data Base */ = {
			isa = PBXGroup;
			children = (
				D1E6DF9724BDF569008B031A /* StorageContext.swift */,
				D1E6DF9824BDF569008B031A /* Entities */,
				D1E6DF9B24BDF569008B031A /* Realm */,
			);
			path = "Data Base";
			sourceTree = "<group>";
		};
		D1E6DF9824BDF569008B031A /* Entities */ = {
			isa = PBXGroup;
			children = (
				D1E6DF9924BDF569008B031A /* RealmITunesMedia.swift */,
			);
			path = Entities;
			sourceTree = "<group>";
		};
		D1E6DF9B24BDF569008B031A /* Realm */ = {
			isa = PBXGroup;
			children = (
				D1E6DF9C24BDF569008B031A /* RealmStorageContext.swift */,
				D1E6DF9D24BDF569008B031A /* RealmStorageContext+Operations.swift */,
			);
			path = Realm;
			sourceTree = "<group>";
		};
		DCADA272EACE611AC077CF87 /* Frameworks */ = {
			isa = PBXGroup;
			children = (
				CB5004FE480955ECE27728B3 /* Pods_iTunesTestTask.framework */,
			);
			name = Frameworks;
			sourceTree = "<group>";
		};
/* End PBXGroup section */

/* Begin PBXNativeTarget section */
		D165564624BCF64D0093E1B4 /* iTunesTestTask */ = {
			isa = PBXNativeTarget;
			buildConfigurationList = D165565B24BCF6520093E1B4 /* Build configuration list for PBXNativeTarget "iTunesTestTask" */;
			buildPhases = (
				4E3D8C31C165D40F91354892 /* [CP] Check Pods Manifest.lock */,
				D115A09724BCF71100266FCC /* R.swift */,
				D165564324BCF64D0093E1B4 /* Sources */,
				D165564424BCF64D0093E1B4 /* Frameworks */,
				D165564524BCF64D0093E1B4 /* Resources */,
				630B150BFBCD450A51CEA3DF /* [CP] Embed Pods Frameworks */,
			);
			buildRules = (
			);
			dependencies = (
			);
			name = iTunesTestTask;
			productName = iTunesTestTask;
			productReference = D165564724BCF64D0093E1B4 /* iTunesTestTask.app */;
			productType = "com.apple.product-type.application";
		};
/* End PBXNativeTarget section */

/* Begin PBXProject section */
		D165563F24BCF64D0093E1B4 /* Project object */ = {
			isa = PBXProject;
			attributes = {
				LastSwiftUpdateCheck = 1130;
				LastUpgradeCheck = 1130;
				ORGANIZATIONNAME = "Kirill Klimenkov";
				TargetAttributes = {
					D165564624BCF64D0093E1B4 = {
						CreatedOnToolsVersion = 11.3.1;
					};
				};
			};
			buildConfigurationList = D165564224BCF64D0093E1B4 /* Build configuration list for PBXProject "iTunesTestTask" */;
			compatibilityVersion = "Xcode 9.3";
			developmentRegion = en;
			hasScannedForEncodings = 0;
			knownRegions = (
				en,
				Base,
				ru,
			);
			mainGroup = D165563E24BCF64D0093E1B4;
			productRefGroup = D165564824BCF64D0093E1B4 /* Products */;
			projectDirPath = "";
			projectRoot = "";
			targets = (
				D165564624BCF64D0093E1B4 /* iTunesTestTask */,
			);
		};
/* End PBXProject section */

/* Begin PBXResourcesBuildPhase section */
		D165564524BCF64D0093E1B4 /* Resources */ = {
			isa = PBXResourcesBuildPhase;
			buildActionMask = 2147483647;
			files = (
				D13DF3E324BDCE67008D3F27 /* MediaTableViewCell.xib in Resources */,
				D165565724BCF6520093E1B4 /* LaunchScreen.storyboard in Resources */,
				D115A0B924BCFA8800266FCC /* Localizable.strings in Resources */,
				D1E6DF9524BDF4CE008B031A /* FavoriteViewController.xib in Resources */,
				D165565424BCF6520093E1B4 /* Assets.xcassets in Resources */,
				D115A0DE24BCFB7E00266FCC /* MediaViewController.xib in Resources */,
				D165565224BCF64D0093E1B4 /* Main.storyboard in Resources */,
			);
			runOnlyForDeploymentPostprocessing = 0;
		};
/* End PBXResourcesBuildPhase section */

/* Begin PBXShellScriptBuildPhase section */
		4E3D8C31C165D40F91354892 /* [CP] Check Pods Manifest.lock */ = {
			isa = PBXShellScriptBuildPhase;
			buildActionMask = 2147483647;
			files = (
			);
			inputFileListPaths = (
			);
			inputPaths = (
				"${PODS_PODFILE_DIR_PATH}/Podfile.lock",
				"${PODS_ROOT}/Manifest.lock",
			);
			name = "[CP] Check Pods Manifest.lock";
			outputFileListPaths = (
			);
			outputPaths = (
				"$(DERIVED_FILE_DIR)/Pods-iTunesTestTask-checkManifestLockResult.txt",
			);
			runOnlyForDeploymentPostprocessing = 0;
			shellPath = /bin/sh;
			shellScript = "diff \"${PODS_PODFILE_DIR_PATH}/Podfile.lock\" \"${PODS_ROOT}/Manifest.lock\" > /dev/null\nif [ $? != 0 ] ; then\n    # print error to STDERR\n    echo \"error: The sandbox is not in sync with the Podfile.lock. Run 'pod install' or update your CocoaPods installation.\" >&2\n    exit 1\nfi\n# This output is used by Xcode 'outputs' to avoid re-running this script phase.\necho \"SUCCESS\" > \"${SCRIPT_OUTPUT_FILE_0}\"\n";
			showEnvVarsInLog = 0;
		};
		630B150BFBCD450A51CEA3DF /* [CP] Embed Pods Frameworks */ = {
			isa = PBXShellScriptBuildPhase;
			buildActionMask = 2147483647;
			files = (
			);
			inputFileListPaths = (
				"${PODS_ROOT}/Target Support Files/Pods-iTunesTestTask/Pods-iTunesTestTask-frameworks-${CONFIGURATION}-input-files.xcfilelist",
			);
			name = "[CP] Embed Pods Frameworks";
			outputFileListPaths = (
				"${PODS_ROOT}/Target Support Files/Pods-iTunesTestTask/Pods-iTunesTestTask-frameworks-${CONFIGURATION}-output-files.xcfilelist",
			);
			runOnlyForDeploymentPostprocessing = 0;
			shellPath = /bin/sh;
			shellScript = "\"${PODS_ROOT}/Target Support Files/Pods-iTunesTestTask/Pods-iTunesTestTask-frameworks.sh\"\n";
			showEnvVarsInLog = 0;
		};
		D115A09724BCF71100266FCC /* R.swift */ = {
			isa = PBXShellScriptBuildPhase;
			buildActionMask = 2147483647;
			files = (
			);
			inputFileListPaths = (
			);
			inputPaths = (
				"$TEMP_DIR/rswift-lastrun",
			);
			name = R.swift;
			outputFileListPaths = (
			);
			outputPaths = (
				$SRCROOT/R.generated.swift,
			);
			runOnlyForDeploymentPostprocessing = 0;
			shellPath = /bin/sh;
			shellScript = "# Type a script or drag a script file from your workspace to insert its path.\n\"$PODS_ROOT/R.swift/rswift\" generate \"$SRCROOT/R.generated.swift\"\n";
		};
/* End PBXShellScriptBuildPhase section */

/* Begin PBXSourcesBuildPhase section */
		D165564324BCF64D0093E1B4 /* Sources */ = {
			isa = PBXSourcesBuildPhase;
			buildActionMask = 2147483647;
			files = (
				D115A0B424BCFA1F00266FCC /* MediaType.swift in Sources */,
				D165564F24BCF64D0093E1B4 /* ViewController.swift in Sources */,
				D115A0CB24BCFAED00266FCC /* Router.swift in Sources */,
				D115A0CA24BCFAED00266FCC /* EndPointType.swift in Sources */,
				D1D9CA6624BDF93800417935 /* MediaObject.swift in Sources */,
				D115A0D024BCFAED00266FCC /* ITunesStoreApi.swift in Sources */,
				D115A0CE24BCFAED00266FCC /* JSONParameterEncoder.swift in Sources */,
				D115A0DB24BCFB7E00266FCC /* MediaWorker.swift in Sources */,
				D165564B24BCF64D0093E1B4 /* AppDelegate.swift in Sources */,
				D115A0DC24BCFB7E00266FCC /* MediaInteractor.swift in Sources */,
				D18A5AD224BE14DB006CA715 /* AppViewController.swift in Sources */,
				D1E6DF9024BDF4CE008B031A /* FavoriteWorker.swift in Sources */,
				D115A0D924BCFB7E00266FCC /* MediaPresenter.swift in Sources */,
				D13DF3E224BDCE67008D3F27 /* MediaTableViewCell.swift in Sources */,
				D115A0C824BCFAED00266FCC /* NetworkManager.swift in Sources */,
				D115A0DD24BCFB7E00266FCC /* MediaViewController.swift in Sources */,
				D115A0CD24BCFAED00266FCC /* ParameterEncoding.swift in Sources */,
				D1E6DF9224BDF4CE008B031A /* FavoriteModels.swift in Sources */,
				D115A0C924BCFAED00266FCC /* HTTPMethod.swift in Sources */,
				D1E6DF9E24BDF569008B031A /* StorageContext.swift in Sources */,
				D115A0CC24BCFAED00266FCC /* HTTPTask.swift in Sources */,
				D1E6DF9424BDF4CE008B031A /* FavoriteInteractor.swift in Sources */,
				D1E6DFA224BDF569008B031A /* RealmStorageContext+Operations.swift in Sources */,
				D115A0DA24BCFB7E00266FCC /* MediaRouter.swift in Sources */,
				D115A0CF24BCFAED00266FCC /* URLEncoding.swift in Sources */,
				D115A0DF24BCFB7E00266FCC /* MediaModels.swift in Sources */,
				D1E6DF9124BDF4CE008B031A /* FavoriteRouter.swift in Sources */,
				D1E6DF9324BDF4CE008B031A /* FavoriteViewController.swift in Sources */,
				D115A0B324BCFA1F00266FCC /* ITunesStoreResponse.swift in Sources */,
				D165564D24BCF64D0093E1B4 /* SceneDelegate.swift in Sources */,
				D115A09924BCF7A200266FCC /* R.generated.swift in Sources */,
				D1E6DF9F24BDF569008B031A /* RealmITunesMedia.swift in Sources */,
				D1E6DF8F24BDF4CE008B031A /* FavoritePresenter.swift in Sources */,
				D1E6DFA124BDF569008B031A /* RealmStorageContext.swift in Sources */,
			);
			runOnlyForDeploymentPostprocessing = 0;
		};
/* End PBXSourcesBuildPhase section */

/* Begin PBXVariantGroup section */
		D115A0BB24BCFA8800266FCC /* Localizable.strings */ = {
			isa = PBXVariantGroup;
			children = (
				D115A0BA24BCFA8800266FCC /* en */,
				D115A0BC24BCFA8C00266FCC /* ru */,
			);
			name = Localizable.strings;
			sourceTree = "<group>";
		};
		D165565024BCF64D0093E1B4 /* Main.storyboard */ = {
			isa = PBXVariantGroup;
			children = (
				D165565124BCF64D0093E1B4 /* Base */,
				D115A0B524BCFA3B00266FCC /* ru */,
			);
			name = Main.storyboard;
			sourceTree = "<group>";
		};
		D165565524BCF6520093E1B4 /* LaunchScreen.storyboard */ = {
			isa = PBXVariantGroup;
			children = (
				D165565624BCF6520093E1B4 /* Base */,
				D115A0B624BCFA3B00266FCC /* ru */,
			);
			name = LaunchScreen.storyboard;
			sourceTree = "<group>";
		};
/* End PBXVariantGroup section */

/* Begin XCBuildConfiguration section */
		D165565924BCF6520093E1B4 /* Debug */ = {
			isa = XCBuildConfiguration;
			buildSettings = {
				ALWAYS_SEARCH_USER_PATHS = NO;
				CLANG_ANALYZER_LOCALIZABILITY_NONLOCALIZED = YES;
				CLANG_ANALYZER_NONNULL = YES;
				CLANG_ANALYZER_NUMBER_OBJECT_CONVERSION = YES_AGGRESSIVE;
				CLANG_CXX_LANGUAGE_STANDARD = "gnu++14";
				CLANG_CXX_LIBRARY = "libc++";
				CLANG_ENABLE_MODULES = YES;
				CLANG_ENABLE_OBJC_ARC = YES;
				CLANG_ENABLE_OBJC_WEAK = YES;
				CLANG_WARN_BLOCK_CAPTURE_AUTORELEASING = YES;
				CLANG_WARN_BOOL_CONVERSION = YES;
				CLANG_WARN_COMMA = YES;
				CLANG_WARN_CONSTANT_CONVERSION = YES;
				CLANG_WARN_DEPRECATED_OBJC_IMPLEMENTATIONS = YES;
				CLANG_WARN_DIRECT_OBJC_ISA_USAGE = YES_ERROR;
				CLANG_WARN_DOCUMENTATION_COMMENTS = YES;
				CLANG_WARN_EMPTY_BODY = YES;
				CLANG_WARN_ENUM_CONVERSION = YES;
				CLANG_WARN_INFINITE_RECURSION = YES;
				CLANG_WARN_INT_CONVERSION = YES;
				CLANG_WARN_NON_LITERAL_NULL_CONVERSION = YES;
				CLANG_WARN_OBJC_IMPLICIT_RETAIN_SELF = YES;
				CLANG_WARN_OBJC_LITERAL_CONVERSION = YES;
				CLANG_WARN_OBJC_ROOT_CLASS = YES_ERROR;
				CLANG_WARN_RANGE_LOOP_ANALYSIS = YES;
				CLANG_WARN_STRICT_PROTOTYPES = YES;
				CLANG_WARN_SUSPICIOUS_MOVE = YES;
				CLANG_WARN_UNGUARDED_AVAILABILITY = YES_AGGRESSIVE;
				CLANG_WARN_UNREACHABLE_CODE = YES;
				CLANG_WARN__DUPLICATE_METHOD_MATCH = YES;
				COPY_PHASE_STRIP = NO;
				DEBUG_INFORMATION_FORMAT = dwarf;
				ENABLE_STRICT_OBJC_MSGSEND = YES;
				ENABLE_TESTABILITY = YES;
				GCC_C_LANGUAGE_STANDARD = gnu11;
				GCC_DYNAMIC_NO_PIC = NO;
				GCC_NO_COMMON_BLOCKS = YES;
				GCC_OPTIMIZATION_LEVEL = 0;
				GCC_PREPROCESSOR_DEFINITIONS = (
					"DEBUG=1",
					"$(inherited)",
				);
				GCC_WARN_64_TO_32_BIT_CONVERSION = YES;
				GCC_WARN_ABOUT_RETURN_TYPE = YES_ERROR;
				GCC_WARN_UNDECLARED_SELECTOR = YES;
				GCC_WARN_UNINITIALIZED_AUTOS = YES_AGGRESSIVE;
				GCC_WARN_UNUSED_FUNCTION = YES;
				GCC_WARN_UNUSED_VARIABLE = YES;
				IPHONEOS_DEPLOYMENT_TARGET = 13.2;
				MTL_ENABLE_DEBUG_INFO = INCLUDE_SOURCE;
				MTL_FAST_MATH = YES;
				ONLY_ACTIVE_ARCH = YES;
				SDKROOT = iphoneos;
				SWIFT_ACTIVE_COMPILATION_CONDITIONS = DEBUG;
				SWIFT_OPTIMIZATION_LEVEL = "-Onone";
			};
			name = Debug;
		};
		D165565A24BCF6520093E1B4 /* Release */ = {
			isa = XCBuildConfiguration;
			buildSettings = {
				ALWAYS_SEARCH_USER_PATHS = NO;
				CLANG_ANALYZER_LOCALIZABILITY_NONLOCALIZED = YES;
				CLANG_ANALYZER_NONNULL = YES;
				CLANG_ANALYZER_NUMBER_OBJECT_CONVERSION = YES_AGGRESSIVE;
				CLANG_CXX_LANGUAGE_STANDARD = "gnu++14";
				CLANG_CXX_LIBRARY = "libc++";
				CLANG_ENABLE_MODULES = YES;
				CLANG_ENABLE_OBJC_ARC = YES;
				CLANG_ENABLE_OBJC_WEAK = YES;
				CLANG_WARN_BLOCK_CAPTURE_AUTORELEASING = YES;
				CLANG_WARN_BOOL_CONVERSION = YES;
				CLANG_WARN_COMMA = YES;
				CLANG_WARN_CONSTANT_CONVERSION = YES;
				CLANG_WARN_DEPRECATED_OBJC_IMPLEMENTATIONS = YES;
				CLANG_WARN_DIRECT_OBJC_ISA_USAGE = YES_ERROR;
				CLANG_WARN_DOCUMENTATION_COMMENTS = YES;
				CLANG_WARN_EMPTY_BODY = YES;
				CLANG_WARN_ENUM_CONVERSION = YES;
				CLANG_WARN_INFINITE_RECURSION = YES;
				CLANG_WARN_INT_CONVERSION = YES;
				CLANG_WARN_NON_LITERAL_NULL_CONVERSION = YES;
				CLANG_WARN_OBJC_IMPLICIT_RETAIN_SELF = YES;
				CLANG_WARN_OBJC_LITERAL_CONVERSION = YES;
				CLANG_WARN_OBJC_ROOT_CLASS = YES_ERROR;
				CLANG_WARN_RANGE_LOOP_ANALYSIS = YES;
				CLANG_WARN_STRICT_PROTOTYPES = YES;
				CLANG_WARN_SUSPICIOUS_MOVE = YES;
				CLANG_WARN_UNGUARDED_AVAILABILITY = YES_AGGRESSIVE;
				CLANG_WARN_UNREACHABLE_CODE = YES;
				CLANG_WARN__DUPLICATE_METHOD_MATCH = YES;
				COPY_PHASE_STRIP = NO;
				DEBUG_INFORMATION_FORMAT = "dwarf-with-dsym";
				ENABLE_NS_ASSERTIONS = NO;
				ENABLE_STRICT_OBJC_MSGSEND = YES;
				GCC_C_LANGUAGE_STANDARD = gnu11;
				GCC_NO_COMMON_BLOCKS = YES;
				GCC_WARN_64_TO_32_BIT_CONVERSION = YES;
				GCC_WARN_ABOUT_RETURN_TYPE = YES_ERROR;
				GCC_WARN_UNDECLARED_SELECTOR = YES;
				GCC_WARN_UNINITIALIZED_AUTOS = YES_AGGRESSIVE;
				GCC_WARN_UNUSED_FUNCTION = YES;
				GCC_WARN_UNUSED_VARIABLE = YES;
				IPHONEOS_DEPLOYMENT_TARGET = 13.2;
				MTL_ENABLE_DEBUG_INFO = NO;
				MTL_FAST_MATH = YES;
				SDKROOT = iphoneos;
				SWIFT_COMPILATION_MODE = wholemodule;
				SWIFT_OPTIMIZATION_LEVEL = "-O";
				VALIDATE_PRODUCT = YES;
			};
			name = Release;
		};
		D165565C24BCF6520093E1B4 /* Debug */ = {
			isa = XCBuildConfiguration;
			baseConfigurationReference = 1BA55AF6C20A5FB1CF750330 /* Pods-iTunesTestTask.debug.xcconfig */;
			buildSettings = {
				ASSETCATALOG_COMPILER_APPICON_NAME = AppIcon;
				CODE_SIGN_STYLE = Automatic;
				DEVELOPMENT_TEAM = 49GPYK54FQ;
				INFOPLIST_FILE = iTunesTestTask/Info.plist;
				LD_RUNPATH_SEARCH_PATHS = (
					"$(inherited)",
					"@executable_path/Frameworks",
				);
				PRODUCT_BUNDLE_IDENTIFIER = learning.iTunesTestTask;
				PRODUCT_NAME = "$(TARGET_NAME)";
				SWIFT_VERSION = 5.0;
				TARGETED_DEVICE_FAMILY = "1,2";
			};
			name = Debug;
		};
		D165565D24BCF6520093E1B4 /* Release */ = {
			isa = XCBuildConfiguration;
			baseConfigurationReference = 9ABBA4FB29CA3D69FAB6A46D /* Pods-iTunesTestTask.release.xcconfig */;
			buildSettings = {
				ASSETCATALOG_COMPILER_APPICON_NAME = AppIcon;
				CODE_SIGN_STYLE = Automatic;
				DEVELOPMENT_TEAM = 49GPYK54FQ;
				INFOPLIST_FILE = iTunesTestTask/Info.plist;
				LD_RUNPATH_SEARCH_PATHS = (
					"$(inherited)",
					"@executable_path/Frameworks",
				);
				PRODUCT_BUNDLE_IDENTIFIER = learning.iTunesTestTask;
				PRODUCT_NAME = "$(TARGET_NAME)";
				SWIFT_VERSION = 5.0;
				TARGETED_DEVICE_FAMILY = "1,2";
			};
			name = Release;
		};
/* End XCBuildConfiguration section */

/* Begin XCConfigurationList section */
		D165564224BCF64D0093E1B4 /* Build configuration list for PBXProject "iTunesTestTask" */ = {
			isa = XCConfigurationList;
			buildConfigurations = (
				D165565924BCF6520093E1B4 /* Debug */,
				D165565A24BCF6520093E1B4 /* Release */,
			);
			defaultConfigurationIsVisible = 0;
			defaultConfigurationName = Release;
		};
		D165565B24BCF6520093E1B4 /* Build configuration list for PBXNativeTarget "iTunesTestTask" */ = {
			isa = XCConfigurationList;
			buildConfigurations = (
				D165565C24BCF6520093E1B4 /* Debug */,
				D165565D24BCF6520093E1B4 /* Release */,
			);
			defaultConfigurationIsVisible = 0;
			defaultConfigurationName = Release;
		};
/* End XCConfigurationList section */
	};
	rootObject = D165563F24BCF64D0093E1B4 /* Project object */;
}
